// !$*UTF8*$!
{
	archiveVersion = 1;
	classes = {
	};
	objectVersion = 48;
	objects = {

/* Begin PBXBuildFile section */
		9127C0E52037C1420007D27F /* AppDelegate.swift in Sources */ = {isa = PBXBuildFile; fileRef = 9127C0E42037C1420007D27F /* AppDelegate.swift */; };
		9127C0E72037C1420007D27F /* ViewController.swift in Sources */ = {isa = PBXBuildFile; fileRef = 9127C0E62037C1420007D27F /* ViewController.swift */; };
		9127C0EA2037C1420007D27F /* Main.storyboard in Resources */ = {isa = PBXBuildFile; fileRef = 9127C0E82037C1420007D27F /* Main.storyboard */; };
		9127C0EC2037C1420007D27F /* Assets.xcassets in Resources */ = {isa = PBXBuildFile; fileRef = 9127C0EB2037C1420007D27F /* Assets.xcassets */; };
		9127C0EF2037C1420007D27F /* LaunchScreen.storyboard in Resources */ = {isa = PBXBuildFile; fileRef = 9127C0ED2037C1420007D27F /* LaunchScreen.storyboard */; };
		9127C0FA2037C1420007D27F /* QuizTests.swift in Sources */ = {isa = PBXBuildFile; fileRef = 9127C0F92037C1420007D27F /* QuizTests.swift */; };
		9127C1052037C1420007D27F /* QuizUITests.swift in Sources */ = {isa = PBXBuildFile; fileRef = 9127C1042037C1420007D27F /* QuizUITests.swift */; };
/* End PBXBuildFile section */

/* Begin PBXContainerItemProxy section */
		9127C0F62037C1420007D27F /* PBXContainerItemProxy */ = {
			isa = PBXContainerItemProxy;
			containerPortal = 9127C0D92037C1420007D27F /* Project object */;
			proxyType = 1;
			remoteGlobalIDString = 9127C0E02037C1420007D27F;
			remoteInfo = Quiz;
		};
		9127C1012037C1420007D27F /* PBXContainerItemProxy */ = {
			isa = PBXContainerItemProxy;
			containerPortal = 9127C0D92037C1420007D27F /* Project object */;
			proxyType = 1;
			remoteGlobalIDString = 9127C0E02037C1420007D27F;
			remoteInfo = Quiz;
		};
/* End PBXContainerItemProxy section */

/* Begin PBXFileReference section */
		9127C0E12037C1420007D27F /* Quiz.app */ = {isa = PBXFileReference; explicitFileType = wrapper.application; includeInIndex = 0; path = Quiz.app; sourceTree = BUILT_PRODUCTS_DIR; };
		9127C0E42037C1420007D27F /* AppDelegate.swift */ = {isa = PBXFileReference; lastKnownFileType = sourcecode.swift; path = AppDelegate.swift; sourceTree = "<group>"; };
		9127C0E62037C1420007D27F /* ViewController.swift */ = {isa = PBXFileReference; lastKnownFileType = sourcecode.swift; path = ViewController.swift; sourceTree = "<group>"; };
		9127C0E92037C1420007D27F /* Base */ = {isa = PBXFileReference; lastKnownFileType = file.storyboard; name = Base; path = Base.lproj/Main.storyboard; sourceTree = "<group>"; };
		9127C0EB2037C1420007D27F /* Assets.xcassets */ = {isa = PBXFileReference; lastKnownFileType = folder.assetcatalog; path = Assets.xcassets; sourceTree = "<group>"; };
		9127C0EE2037C1420007D27F /* Base */ = {isa = PBXFileReference; lastKnownFileType = file.storyboard; name = Base; path = Base.lproj/LaunchScreen.storyboard; sourceTree = "<group>"; };
		9127C0F02037C1420007D27F /* Info.plist */ = {isa = PBXFileReference; lastKnownFileType = text.plist.xml; path = Info.plist; sourceTree = "<group>"; };
		9127C0F52037C1420007D27F /* QuizTests.xctest */ = {isa = PBXFileReference; explicitFileType = wrapper.cfbundle; includeInIndex = 0; path = QuizTests.xctest; sourceTree = BUILT_PRODUCTS_DIR; };
		9127C0F92037C1420007D27F /* QuizTests.swift */ = {isa = PBXFileReference; lastKnownFileType = sourcecode.swift; path = QuizTests.swift; sourceTree = "<group>"; };
		9127C0FB2037C1420007D27F /* Info.plist */ = {isa = PBXFileReference; lastKnownFileType = text.plist.xml; path = Info.plist; sourceTree = "<group>"; };
		9127C1002037C1420007D27F /* QuizUITests.xctest */ = {isa = PBXFileReference; explicitFileType = wrapper.cfbundle; includeInIndex = 0; path = QuizUITests.xctest; sourceTree = BUILT_PRODUCTS_DIR; };
		9127C1042037C1420007D27F /* QuizUITests.swift */ = {isa = PBXFileReference; lastKnownFileType = sourcecode.swift; path = QuizUITests.swift; sourceTree = "<group>"; };
		9127C1062037C1420007D27F /* Info.plist */ = {isa = PBXFileReference; lastKnownFileType = text.plist.xml; path = Info.plist; sourceTree = "<group>"; };
/* End PBXFileReference section */

/* Begin PBXFrameworksBuildPhase section */
		9127C0DE2037C1420007D27F /* Frameworks */ = {
			isa = PBXFrameworksBuildPhase;
			buildActionMask = 2147483647;
			files = (
			);
			runOnlyForDeploymentPostprocessing = 0;
		};
		9127C0F22037C1420007D27F /* Frameworks */ = {
			isa = PBXFrameworksBuildPhase;
			buildActionMask = 2147483647;
			files = (
			);
			runOnlyForDeploymentPostprocessing = 0;
		};
		9127C0FD2037C1420007D27F /* Frameworks */ = {
			isa = PBXFrameworksBuildPhase;
			buildActionMask = 2147483647;
			files = (
			);
			runOnlyForDeploymentPostprocessing = 0;
		};
/* End PBXFrameworksBuildPhase section */

/* Begin PBXGroup section */
		9127C0D82037C1420007D27F = {
			isa = PBXGroup;
			children = (
				9127C0E32037C1420007D27F /* Quiz */,
				9127C0F82037C1420007D27F /* QuizTests */,
				9127C1032037C1420007D27F /* QuizUITests */,
				9127C0E22037C1420007D27F /* Products */,
			);
			sourceTree = "<group>";
		};
		9127C0E22037C1420007D27F /* Products */ = {
			isa = PBXGroup;
			children = (
				9127C0E12037C1420007D27F /* Quiz.app */,
				9127C0F52037C1420007D27F /* QuizTests.xctest */,
				9127C1002037C1420007D27F /* QuizUITests.xctest */,
			);
			name = Products;
			sourceTree = "<group>";
		};
		9127C0E32037C1420007D27F /* Quiz */ = {
			isa = PBXGroup;
			children = (
				9127C0E42037C1420007D27F /* AppDelegate.swift */,
				9127C0E62037C1420007D27F /* ViewController.swift */,
				9127C0E82037C1420007D27F /* Main.storyboard */,
				9127C0EB2037C1420007D27F /* Assets.xcassets */,
				9127C0ED2037C1420007D27F /* LaunchScreen.storyboard */,
				9127C0F02037C1420007D27F /* Info.plist */,
			);
			path = Quiz;
			sourceTree = "<group>";
		};
		9127C0F82037C1420007D27F /* QuizTests */ = {
			isa = PBXGroup;
			children = (
				9127C0F92037C1420007D27F /* QuizTests.swift */,
				9127C0FB2037C1420007D27F /* Info.plist */,
			);
			path = QuizTests;
			sourceTree = "<group>";
		};
		9127C1032037C1420007D27F /* QuizUITests */ = {
			isa = PBXGroup;
			children = (
				9127C1042037C1420007D27F /* QuizUITests.swift */,
				9127C1062037C1420007D27F /* Info.plist */,
			);
			path = QuizUITests;
			sourceTree = "<group>";
		};
/* End PBXGroup section */

/* Begin PBXNativeTarget section */
		9127C0E02037C1420007D27F /* Quiz */ = {
			isa = PBXNativeTarget;
			buildConfigurationList = 9127C1092037C1420007D27F /* Build configuration list for PBXNativeTarget "Quiz" */;
			buildPhases = (
				9127C0DD2037C1420007D27F /* Sources */,
				9127C0DE2037C1420007D27F /* Frameworks */,
				9127C0DF2037C1420007D27F /* Resources */,
			);
			buildRules = (
			);
			dependencies = (
			);
			name = Quiz;
			productName = Quiz;
			productReference = 9127C0E12037C1420007D27F /* Quiz.app */;
			productType = "com.apple.product-type.application";
		};
		9127C0F42037C1420007D27F /* QuizTests */ = {
			isa = PBXNativeTarget;
			buildConfigurationList = 9127C10C2037C1420007D27F /* Build configuration list for PBXNativeTarget "QuizTests" */;
			buildPhases = (
				9127C0F12037C1420007D27F /* Sources */,
				9127C0F22037C1420007D27F /* Frameworks */,
				9127C0F32037C1420007D27F /* Resources */,
			);
			buildRules = (
			);
			dependencies = (
				9127C0F72037C1420007D27F /* PBXTargetDependency */,
			);
			name = QuizTests;
			productName = QuizTests;
			productReference = 9127C0F52037C1420007D27F /* QuizTests.xctest */;
			productType = "com.apple.product-type.bundle.unit-test";
		};
		9127C0FF2037C1420007D27F /* QuizUITests */ = {
			isa = PBXNativeTarget;
			buildConfigurationList = 9127C10F2037C1420007D27F /* Build configuration list for PBXNativeTarget "QuizUITests" */;
			buildPhases = (
				9127C0FC2037C1420007D27F /* Sources */,
				9127C0FD2037C1420007D27F /* Frameworks */,
				9127C0FE2037C1420007D27F /* Resources */,
			);
			buildRules = (
			);
			dependencies = (
				9127C1022037C1420007D27F /* PBXTargetDependency */,
			);
			name = QuizUITests;
			productName = QuizUITests;
			productReference = 9127C1002037C1420007D27F /* QuizUITests.xctest */;
			productType = "com.apple.product-type.bundle.ui-testing";
		};
/* End PBXNativeTarget section */

/* Begin PBXProject section */
		9127C0D92037C1420007D27F /* Project object */ = {
			isa = PBXProject;
			attributes = {
				LastSwiftUpdateCheck = 0920;
				LastUpgradeCheck = 0920;
				ORGANIZATIONNAME = d182_sofia_d;
				TargetAttributes = {
					9127C0E02037C1420007D27F = {
						CreatedOnToolsVersion = 9.2;
						ProvisioningStyle = Automatic;
					};
					9127C0F42037C1420007D27F = {
						CreatedOnToolsVersion = 9.2;
						ProvisioningStyle = Automatic;
						TestTargetID = 9127C0E02037C1420007D27F;
					};
					9127C0FF2037C1420007D27F = {
						CreatedOnToolsVersion = 9.2;
						ProvisioningStyle = Automatic;
						TestTargetID = 9127C0E02037C1420007D27F;
					};
				};
			};
			buildConfigurationList = 9127C0DC2037C1420007D27F /* Build configuration list for PBXProject "Quiz" */;
			compatibilityVersion = "Xcode 8.0";
			developmentRegion = en;
			hasScannedForEncodings = 0;
			knownRegions = (
				en,
				Base,
			);
			mainGroup = 9127C0D82037C1420007D27F;
			productRefGroup = 9127C0E22037C1420007D27F /* Products */;
			projectDirPath = "";
			projectRoot = "";
			targets = (
				9127C0E02037C1420007D27F /* Quiz */,
				9127C0F42037C1420007D27F /* QuizTests */,
				9127C0FF2037C1420007D27F /* QuizUITests */,
			);
		};
/* End PBXProject section */

/* Begin PBXResourcesBuildPhase section */
		9127C0DF2037C1420007D27F /* Resources */ = {
			isa = PBXResourcesBuildPhase;
			buildActionMask = 2147483647;
			files = (
				9127C0EF2037C1420007D27F /* LaunchScreen.storyboard in Resources */,
				9127C0EC2037C1420007D27F /* Assets.xcassets in Resources */,
				9127C0EA2037C1420007D27F /* Main.storyboard in Resources */,
			);
			runOnlyForDeploymentPostprocessing = 0;
		};
		9127C0F32037C1420007D27F /* Resources */ = {
			isa = PBXResourcesBuildPhase;
			buildActionMask = 2147483647;
			files = (
			);
			runOnlyForDeploymentPostprocessing = 0;
		};
		9127C0FE2037C1420007D27F /* Resources */ = {
			isa = PBXResourcesBuildPhase;
			buildActionMask = 2147483647;
			files = (
			);
			runOnlyForDeploymentPostprocessing = 0;
		};
/* End PBXResourcesBuildPhase section */

/* Begin PBXSourcesBuildPhase section */
		9127C0DD2037C1420007D27F /* Sources */ = {
			isa = PBXSourcesBuildPhase;
			buildActionMask = 2147483647;
			files = (
				9127C0E72037C1420007D27F /* ViewController.swift in Sources */,
				9127C0E52037C1420007D27F /* AppDelegate.swift in Sources */,
			);
			runOnlyForDeploymentPostprocessing = 0;
		};
		9127C0F12037C1420007D27F /* Sources */ = {
			isa = PBXSourcesBuildPhase;
			buildActionMask = 2147483647;
			files = (
				9127C0FA2037C1420007D27F /* QuizTests.swift in Sources */,
			);
			runOnlyForDeploymentPostprocessing = 0;
		};
		9127C0FC2037C1420007D27F /* Sources */ = {
			isa = PBXSourcesBuildPhase;
			buildActionMask = 2147483647;
			files = (
				9127C1052037C1420007D27F /* QuizUITests.swift in Sources */,
			);
			runOnlyForDeploymentPostprocessing = 0;
		};
/* End PBXSourcesBuildPhase section */

/* Begin PBXTargetDependency section */
		9127C0F72037C1420007D27F /* PBXTargetDependency */ = {
			isa = PBXTargetDependency;
			target = 9127C0E02037C1420007D27F /* Quiz */;
			targetProxy = 9127C0F62037C1420007D27F /* PBXContainerItemProxy */;
		};
		9127C1022037C1420007D27F /* PBXTargetDependency */ = {
			isa = PBXTargetDependency;
			target = 9127C0E02037C1420007D27F /* Quiz */;
			targetProxy = 9127C1012037C1420007D27F /* PBXContainerItemProxy */;
		};
/* End PBXTargetDependency section */

/* Begin PBXVariantGroup section */
		9127C0E82037C1420007D27F /* Main.storyboard */ = {
			isa = PBXVariantGroup;
			children = (
				9127C0E92037C1420007D27F /* Base */,
			);
			name = Main.storyboard;
			sourceTree = "<group>";
		};
		9127C0ED2037C1420007D27F /* LaunchScreen.storyboard */ = {
			isa = PBXVariantGroup;
			children = (
				9127C0EE2037C1420007D27F /* Base */,
			);
			name = LaunchScreen.storyboard;
			sourceTree = "<group>";
		};
/* End PBXVariantGroup section */

/* Begin XCBuildConfiguration section */
		9127C1072037C1420007D27F /* Debug */ = {
			isa = XCBuildConfiguration;
			buildSettings = {
				ALWAYS_SEARCH_USER_PATHS = NO;
				CLANG_ANALYZER_NONNULL = YES;
				CLANG_ANALYZER_NUMBER_OBJECT_CONVERSION = YES_AGGRESSIVE;
				CLANG_CXX_LANGUAGE_STANDARD = "gnu++14";
				CLANG_CXX_LIBRARY = "libc++";
				CLANG_ENABLE_MODULES = YES;
				CLANG_ENABLE_OBJC_ARC = YES;
				CLANG_WARN_BLOCK_CAPTURE_AUTORELEASING = YES;
				CLANG_WARN_BOOL_CONVERSION = YES;
				CLANG_WARN_COMMA = YES;
				CLANG_WARN_CONSTANT_CONVERSION = YES;
				CLANG_WARN_DIRECT_OBJC_ISA_USAGE = YES_ERROR;
				CLANG_WARN_DOCUMENTATION_COMMENTS = YES;
				CLANG_WARN_EMPTY_BODY = YES;
				CLANG_WARN_ENUM_CONVERSION = YES;
				CLANG_WARN_INFINITE_RECURSION = YES;
				CLANG_WARN_INT_CONVERSION = YES;
				CLANG_WARN_NON_LITERAL_NULL_CONVERSION = YES;
				CLANG_WARN_OBJC_LITERAL_CONVERSION = YES;
				CLANG_WARN_OBJC_ROOT_CLASS = YES_ERROR;
				CLANG_WARN_RANGE_LOOP_ANALYSIS = YES;
				CLANG_WARN_STRICT_PROTOTYPES = YES;
				CLANG_WARN_SUSPICIOUS_MOVE = YES;
				CLANG_WARN_UNGUARDED_AVAILABILITY = YES_AGGRESSIVE;
				CLANG_WARN_UNREACHABLE_CODE = YES;
				CLANG_WARN__DUPLICATE_METHOD_MATCH = YES;
				CODE_SIGN_IDENTITY = "iPhone Developer";
				COPY_PHASE_STRIP = NO;
				DEBUG_INFORMATION_FORMAT = dwarf;
				ENABLE_STRICT_OBJC_MSGSEND = YES;
				ENABLE_TESTABILITY = YES;
				GCC_C_LANGUAGE_STANDARD = gnu11;
				GCC_DYNAMIC_NO_PIC = NO;
				GCC_NO_COMMON_BLOCKS = YES;
				GCC_OPTIMIZATION_LEVEL = 0;
				GCC_PREPROCESSOR_DEFINITIONS = (
					"DEBUG=1",
					"$(inherited)",
				);
				GCC_WARN_64_TO_32_BIT_CONVERSION = YES;
				GCC_WARN_ABOUT_RETURN_TYPE = YES_ERROR;
				GCC_WARN_UNDECLARED_SELECTOR = YES;
				GCC_WARN_UNINITIALIZED_AUTOS = YES_AGGRESSIVE;
				GCC_WARN_UNUSED_FUNCTION = YES;
				GCC_WARN_UNUSED_VARIABLE = YES;
				IPHONEOS_DEPLOYMENT_TARGET = 11.2;
				MTL_ENABLE_DEBUG_INFO = YES;
				ONLY_ACTIVE_ARCH = YES;
				SDKROOT = iphoneos;
				SWIFT_ACTIVE_COMPILATION_CONDITIONS = DEBUG;
				SWIFT_OPTIMIZATION_LEVEL = "-Onone";
			};
			name = Debug;
		};
		9127C1082037C1420007D27F /* Release */ = {
			isa = XCBuildConfiguration;
			buildSettings = {
				ALWAYS_SEARCH_USER_PATHS = NO;
				CLANG_ANALYZER_NONNULL = YES;
				CLANG_ANALYZER_NUMBER_OBJECT_CONVERSION = YES_AGGRESSIVE;
				CLANG_CXX_LANGUAGE_STANDARD = "gnu++14";
				CLANG_CXX_LIBRARY = "libc++";
				CLANG_ENABLE_MODULES = YES;
				CLANG_ENABLE_OBJC_ARC = YES;
				CLANG_WARN_BLOCK_CAPTURE_AUTORELEASING = YES;
				CLANG_WARN_BOOL_CONVERSION = YES;
				CLANG_WARN_COMMA = YES;
				CLANG_WARN_CONSTANT_CONVERSION = YES;
				CLANG_WARN_DIRECT_OBJC_ISA_USAGE = YES_ERROR;
				CLANG_WARN_DOCUMENTATION_COMMENTS = YES;
				CLANG_WARN_EMPTY_BODY = YES;
				CLANG_WARN_ENUM_CONVERSION = YES;
				CLANG_WARN_INFINITE_RECURSION = YES;
				CLANG_WARN_INT_CONVERSION = YES;
				CLANG_WARN_NON_LITERAL_NULL_CONVERSION = YES;
				CLANG_WARN_OBJC_LITERAL_CONVERSION = YES;
				CLANG_WARN_OBJC_ROOT_CLASS = YES_ERROR;
				CLANG_WARN_RANGE_LOOP_ANALYSIS = YES;
				CLANG_WARN_STRICT_PROTOTYPES = YES;
				CLANG_WARN_SUSPICIOUS_MOVE = YES;
				CLANG_WARN_UNGUARDED_AVAILABILITY = YES_AGGRESSIVE;
				CLANG_WARN_UNREACHABLE_CODE = YES;
				CLANG_WARN__DUPLICATE_METHOD_MATCH = YES;
				CODE_SIGN_IDENTITY = "iPhone Developer";
				COPY_PHASE_STRIP = NO;
				DEBUG_INFORMATION_FORMAT = "dwarf-with-dsym";
				ENABLE_NS_ASSERTIONS = NO;
				ENABLE_STRICT_OBJC_MSGSEND = YES;
				GCC_C_LANGUAGE_STANDARD = gnu11;
				GCC_NO_COMMON_BLOCKS = YES;
				GCC_WARN_64_TO_32_BIT_CONVERSION = YES;
				GCC_WARN_ABOUT_RETURN_TYPE = YES_ERROR;
				GCC_WARN_UNDECLARED_SELECTOR = YES;
				GCC_WARN_UNINITIALIZED_AUTOS = YES_AGGRESSIVE;
				GCC_WARN_UNUSED_FUNCTION = YES;
				GCC_WARN_UNUSED_VARIABLE = YES;
				IPHONEOS_DEPLOYMENT_TARGET = 11.2;
				MTL_ENABLE_DEBUG_INFO = NO;
				SDKROOT = iphoneos;
				SWIFT_OPTIMIZATION_LEVEL = "-Owholemodule";
				VALIDATE_PRODUCT = YES;
			};
			name = Release;
		};
		9127C10A2037C1420007D27F /* Debug */ = {
			isa = XCBuildConfiguration;
			buildSettings = {
				ASSETCATALOG_COMPILER_APPICON_NAME = AppIcon;
				CODE_SIGN_STYLE = Automatic;
				INFOPLIST_FILE = Quiz/Info.plist;
				LD_RUNPATH_SEARCH_PATHS = "$(inherited) @executable_path/Frameworks";
				PRODUCT_BUNDLE_IDENTIFIER = com.soffph.Quiz;
				PRODUCT_NAME = "$(TARGET_NAME)";
				SWIFT_VERSION = 4.0;
				TARGETED_DEVICE_FAMILY = "1,2";
			};
			name = Debug;
		};
		9127C10B2037C1420007D27F /* Release */ = {
			isa = XCBuildConfiguration;
			buildSettings = {
				ASSETCATALOG_COMPILER_APPICON_NAME = AppIcon;
				CODE_SIGN_STYLE = Automatic;
				INFOPLIST_FILE = Quiz/Info.plist;
				LD_RUNPATH_SEARCH_PATHS = "$(inherited) @executable_path/Frameworks";
				PRODUCT_BUNDLE_IDENTIFIER = com.soffph.Quiz;
				PRODUCT_NAME = "$(TARGET_NAME)";
				SWIFT_VERSION = 4.0;
				TARGETED_DEVICE_FAMILY = "1,2";
			};
			name = Release;
		};
		9127C10D2037C1420007D27F /* Debug */ = {
			isa = XCBuildConfiguration;
			buildSettings = {
				ALWAYS_EMBED_SWIFT_STANDARD_LIBRARIES = YES;
				BUNDLE_LOADER = "$(TEST_HOST)";
				CODE_SIGN_STYLE = Automatic;
				INFOPLIST_FILE = QuizTests/Info.plist;
				LD_RUNPATH_SEARCH_PATHS = "$(inherited) @executable_path/Frameworks @loader_path/Frameworks";
				PRODUCT_BUNDLE_IDENTIFIER = com.soffph.QuizTests;
				PRODUCT_NAME = "$(TARGET_NAME)";
				SWIFT_VERSION = 4.0;
				TARGETED_DEVICE_FAMILY = "1,2";
				TEST_HOST = "$(BUILT_PRODUCTS_DIR)/Quiz.app/Quiz";
			};
			name = Debug;
		};
		9127C10E2037C1420007D27F /* Release */ = {
			isa = XCBuildConfiguration;
			buildSettings = {
				ALWAYS_EMBED_SWIFT_STANDARD_LIBRARIES = YES;
				BUNDLE_LOADER = "$(TEST_HOST)";
				CODE_SIGN_STYLE = Automatic;
				INFOPLIST_FILE = QuizTests/Info.plist;
				LD_RUNPATH_SEARCH_PATHS = "$(inherited) @executable_path/Frameworks @loader_path/Frameworks";
				PRODUCT_BUNDLE_IDENTIFIER = com.soffph.QuizTests;
				PRODUCT_NAME = "$(TARGET_NAME)";
				SWIFT_VERSION = 4.0;
				TARGETED_DEVICE_FAMILY = "1,2";
				TEST_HOST = "$(BUILT_PRODUCTS_DIR)/Quiz.app/Quiz";
			};
			name = Release;
		};
		9127C1102037C1420007D27F /* Debug */ = {
			isa = XCBuildConfiguration;
			buildSettings = {
				ALWAYS_EMBED_SWIFT_STANDARD_LIBRARIES = YES;
				CODE_SIGN_STYLE = Automatic;
				INFOPLIST_FILE = QuizUITests/Info.plist;
				LD_RUNPATH_SEARCH_PATHS = "$(inherited) @executable_path/Frameworks @loader_path/Frameworks";
				PRODUCT_BUNDLE_IDENTIFIER = com.soffph.QuizUITests;
				PRODUCT_NAME = "$(TARGET_NAME)";
				SWIFT_VERSION = 4.0;
				TARGETED_DEVICE_FAMILY = "1,2";
				TEST_TARGET_NAME = Quiz;
			};
			name = Debug;
		};
		9127C1112037C1420007D27F /* Release */ = {
			isa = XCBuildConfiguration;
			buildSettings = {
				ALWAYS_EMBED_SWIFT_STANDARD_LIBRARIES = YES;
				CODE_SIGN_STYLE = Automatic;
				INFOPLIST_FILE = QuizUITests/Info.plist;
				LD_RUNPATH_SEARCH_PATHS = "$(inherited) @executable_path/Frameworks @loader_path/Frameworks";
				PRODUCT_BUNDLE_IDENTIFIER = com.soffph.QuizUITests;
				PRODUCT_NAME = "$(TARGET_NAME)";
				SWIFT_VERSION = 4.0;
				TARGETED_DEVICE_FAMILY = "1,2";
				TEST_TARGET_NAME = Quiz;
			};
			name = Release;
		};
/* End XCBuildConfiguration section */

/* Begin XCConfigurationList section */
		9127C0DC2037C1420007D27F /* Build configuration list for PBXProject "Quiz" */ = {
			isa = XCConfigurationList;
			buildConfigurations = (
				9127C1072037C1420007D27F /* Debug */,
				9127C1082037C1420007D27F /* Release */,
			);
			defaultConfigurationIsVisible = 0;
			defaultConfigurationName = Release;
		};
		9127C1092037C1420007D27F /* Build configuration list for PBXNativeTarget "Quiz" */ = {
			isa = XCConfigurationList;
			buildConfigurations = (
				9127C10A2037C1420007D27F /* Debug */,
				9127C10B2037C1420007D27F /* Release */,
			);
			defaultConfigurationIsVisible = 0;
			defaultConfigurationName = Release;
		};
		9127C10C2037C1420007D27F /* Build configuration list for PBXNativeTarget "QuizTests" */ = {
			isa = XCConfigurationList;
			buildConfigurations = (
				9127C10D2037C1420007D27F /* Debug */,
				9127C10E2037C1420007D27F /* Release */,
			);
			defaultConfigurationIsVisible = 0;
			defaultConfigurationName = Release;
		};
		9127C10F2037C1420007D27F /* Build configuration list for PBXNativeTarget "QuizUITests" */ = {
			isa = XCConfigurationList;
			buildConfigurations = (
				9127C1102037C1420007D27F /* Debug */,
				9127C1112037C1420007D27F /* Release */,
			);
			defaultConfigurationIsVisible = 0;
			defaultConfigurationName = Release;
		};
/* End XCConfigurationList section */
	};
	rootObject = 9127C0D92037C1420007D27F /* Project object */;
}
